// !$*UTF8*$!
{
	archiveVersion = 1;
	classes = {
	};
	objectVersion = 48;
	objects = {

/* Begin PBXBuildFile section */
		0756C9719D4EA2E84DD41E47 /* Pods_VRCarApp.framework in Frameworks */ = {isa = PBXBuildFile; fileRef = CAD1C1C1F821B841D34C764B /* Pods_VRCarApp.framework */; };
		853A7E4921A2883F00FDB9C4 /* RemoteViewController.swift in Sources */ = {isa = PBXBuildFile; fileRef = 853A7E4821A2883F00FDB9C4 /* RemoteViewController.swift */; };
		A7065F5821A00153006D097F /* SettingsViewController.swift in Sources */ = {isa = PBXBuildFile; fileRef = A7065F5721A00153006D097F /* SettingsViewController.swift */; };
		A7083819219DA3670097F827 /* MQTTManager.swift in Sources */ = {isa = PBXBuildFile; fileRef = A7083818219DA3670097F827 /* MQTTManager.swift */; };
		A726FC17219C197000F53573 /* PresenterProtocol.swift in Sources */ = {isa = PBXBuildFile; fileRef = A726FC16219C197000F53573 /* PresenterProtocol.swift */; };
		A72AB99821941A72000B42BE /* AppDelegate.swift in Sources */ = {isa = PBXBuildFile; fileRef = A72AB99721941A72000B42BE /* AppDelegate.swift */; };
		A72AB99A21941A72000B42BE /* ViewController.swift in Sources */ = {isa = PBXBuildFile; fileRef = A72AB99921941A72000B42BE /* ViewController.swift */; };
		A72AB99D21941A72000B42BE /* Main.storyboard in Resources */ = {isa = PBXBuildFile; fileRef = A72AB99B21941A72000B42BE /* Main.storyboard */; };
		A72AB9A021941A72000B42BE /* VRCarApp.xcdatamodeld in Sources */ = {isa = PBXBuildFile; fileRef = A72AB99E21941A72000B42BE /* VRCarApp.xcdatamodeld */; };
		A72AB9A221941A72000B42BE /* Assets.xcassets in Resources */ = {isa = PBXBuildFile; fileRef = A72AB9A121941A72000B42BE /* Assets.xcassets */; };
		A72AB9A521941A72000B42BE /* LaunchScreen.storyboard in Resources */ = {isa = PBXBuildFile; fileRef = A72AB9A321941A72000B42BE /* LaunchScreen.storyboard */; };
		A787BBBD219FC964000801DF /* VideoViewController.swift in Sources */ = {isa = PBXBuildFile; fileRef = A787BBBC219FC964000801DF /* VideoViewController.swift */; };
		A787BBBF219FCA64000801DF /* WebViewController.swift in Sources */ = {isa = PBXBuildFile; fileRef = A787BBBE219FCA64000801DF /* WebViewController.swift */; };
/* End PBXBuildFile section */

/* Begin PBXFileReference section */
		53EEB390A1866D86773165EF /* Pods-VRCarApp.debug.xcconfig */ = {isa = PBXFileReference; includeInIndex = 1; lastKnownFileType = text.xcconfig; name = "Pods-VRCarApp.debug.xcconfig"; path = "Pods/Target Support Files/Pods-VRCarApp/Pods-VRCarApp.debug.xcconfig"; sourceTree = "<group>"; };
		853A7E4821A2883F00FDB9C4 /* RemoteViewController.swift */ = {isa = PBXFileReference; lastKnownFileType = sourcecode.swift; path = RemoteViewController.swift; sourceTree = "<group>"; };
		A7065F5721A00153006D097F /* SettingsViewController.swift */ = {isa = PBXFileReference; lastKnownFileType = sourcecode.swift; path = SettingsViewController.swift; sourceTree = "<group>"; };
		A7083818219DA3670097F827 /* MQTTManager.swift */ = {isa = PBXFileReference; lastKnownFileType = sourcecode.swift; path = MQTTManager.swift; sourceTree = "<group>"; };
		A726FC16219C197000F53573 /* PresenterProtocol.swift */ = {isa = PBXFileReference; lastKnownFileType = sourcecode.swift; path = PresenterProtocol.swift; sourceTree = "<group>"; };
		A72AB99421941A72000B42BE /* VRCarApp.app */ = {isa = PBXFileReference; explicitFileType = wrapper.application; includeInIndex = 0; path = VRCarApp.app; sourceTree = BUILT_PRODUCTS_DIR; };
		A72AB99721941A72000B42BE /* AppDelegate.swift */ = {isa = PBXFileReference; lastKnownFileType = sourcecode.swift; path = AppDelegate.swift; sourceTree = "<group>"; };
		A72AB99921941A72000B42BE /* ViewController.swift */ = {isa = PBXFileReference; lastKnownFileType = sourcecode.swift; path = ViewController.swift; sourceTree = "<group>"; };
		A72AB99C21941A72000B42BE /* Base */ = {isa = PBXFileReference; lastKnownFileType = file.storyboard; name = Base; path = Base.lproj/Main.storyboard; sourceTree = "<group>"; };
		A72AB99F21941A72000B42BE /* VRCarApp.xcdatamodel */ = {isa = PBXFileReference; lastKnownFileType = wrapper.xcdatamodel; path = VRCarApp.xcdatamodel; sourceTree = "<group>"; };
		A72AB9A121941A72000B42BE /* Assets.xcassets */ = {isa = PBXFileReference; lastKnownFileType = folder.assetcatalog; path = Assets.xcassets; sourceTree = "<group>"; };
		A72AB9A421941A72000B42BE /* Base */ = {isa = PBXFileReference; lastKnownFileType = file.storyboard; name = Base; path = Base.lproj/LaunchScreen.storyboard; sourceTree = "<group>"; };
		A72AB9A621941A72000B42BE /* Info.plist */ = {isa = PBXFileReference; lastKnownFileType = text.plist.xml; path = Info.plist; sourceTree = "<group>"; };
		A72F2F99A45DB546ADA628AF /* Pods-VRCarApp.release.xcconfig */ = {isa = PBXFileReference; includeInIndex = 1; lastKnownFileType = text.xcconfig; name = "Pods-VRCarApp.release.xcconfig"; path = "Pods/Target Support Files/Pods-VRCarApp/Pods-VRCarApp.release.xcconfig"; sourceTree = "<group>"; };
		A787BBBC219FC964000801DF /* VideoViewController.swift */ = {isa = PBXFileReference; lastKnownFileType = sourcecode.swift; path = VideoViewController.swift; sourceTree = "<group>"; };
		A787BBBE219FCA64000801DF /* WebViewController.swift */ = {isa = PBXFileReference; lastKnownFileType = sourcecode.swift; path = WebViewController.swift; sourceTree = "<group>"; };
		CAD1C1C1F821B841D34C764B /* Pods_VRCarApp.framework */ = {isa = PBXFileReference; explicitFileType = wrapper.framework; includeInIndex = 0; path = Pods_VRCarApp.framework; sourceTree = BUILT_PRODUCTS_DIR; };
/* End PBXFileReference section */

/* Begin PBXFrameworksBuildPhase section */
		A72AB99121941A72000B42BE /* Frameworks */ = {
			isa = PBXFrameworksBuildPhase;
			buildActionMask = 2147483647;
			files = (
				0756C9719D4EA2E84DD41E47 /* Pods_VRCarApp.framework in Frameworks */,
			);
			runOnlyForDeploymentPostprocessing = 0;
		};
/* End PBXFrameworksBuildPhase section */

/* Begin PBXGroup section */
		A72AB98B21941A72000B42BE = {
			isa = PBXGroup;
			children = (
				A72AB99621941A72000B42BE /* VRCarApp */,
				A72AB99521941A72000B42BE /* Products */,
				BE45BBFD816F86CFF8703D84 /* Pods */,
				FE940CA57079272477119C54 /* Frameworks */,
			);
			sourceTree = "<group>";
		};
		A72AB99521941A72000B42BE /* Products */ = {
			isa = PBXGroup;
			children = (
				A72AB99421941A72000B42BE /* VRCarApp.app */,
			);
			name = Products;
			sourceTree = "<group>";
		};
		A72AB99621941A72000B42BE /* VRCarApp */ = {
			isa = PBXGroup;
			children = (
				A72AB99721941A72000B42BE /* AppDelegate.swift */,
				A72AB99921941A72000B42BE /* ViewController.swift */,
				A787BBBC219FC964000801DF /* VideoViewController.swift */,
				A72AB99B21941A72000B42BE /* Main.storyboard */,
				A72AB9A121941A72000B42BE /* Assets.xcassets */,
				A72AB9A321941A72000B42BE /* LaunchScreen.storyboard */,
				A72AB9A621941A72000B42BE /* Info.plist */,
				A72AB99E21941A72000B42BE /* VRCarApp.xcdatamodeld */,
				A726FC16219C197000F53573 /* PresenterProtocol.swift */,
				A7083818219DA3670097F827 /* MQTTManager.swift */,
				A787BBBE219FCA64000801DF /* WebViewController.swift */,
				A7065F5721A00153006D097F /* SettingsViewController.swift */,
				853A7E4821A2883F00FDB9C4 /* RemoteViewController.swift */,
			);
			path = VRCarApp;
			sourceTree = "<group>";
		};
		BE45BBFD816F86CFF8703D84 /* Pods */ = {
			isa = PBXGroup;
			children = (
				53EEB390A1866D86773165EF /* Pods-VRCarApp.debug.xcconfig */,
				A72F2F99A45DB546ADA628AF /* Pods-VRCarApp.release.xcconfig */,
			);
			name = Pods;
			sourceTree = "<group>";
		};
		FE940CA57079272477119C54 /* Frameworks */ = {
			isa = PBXGroup;
			children = (
				CAD1C1C1F821B841D34C764B /* Pods_VRCarApp.framework */,
			);
			name = Frameworks;
			sourceTree = "<group>";
		};
/* End PBXGroup section */

/* Begin PBXNativeTarget section */
		A72AB99321941A72000B42BE /* VRCarApp */ = {
			isa = PBXNativeTarget;
			buildConfigurationList = A72AB9A921941A72000B42BE /* Build configuration list for PBXNativeTarget "VRCarApp" */;
			buildPhases = (
				F48832FE0BA6B4B2D4B5B6B6 /* [CP] Check Pods Manifest.lock */,
				A72AB99021941A72000B42BE /* Sources */,
				A72AB99121941A72000B42BE /* Frameworks */,
				A72AB99221941A72000B42BE /* Resources */,
				C16CE99A1750791AE4150A00 /* [CP] Embed Pods Frameworks */,
			);
			buildRules = (
			);
			dependencies = (
			);
			name = VRCarApp;
			productName = VRCarApp;
			productReference = A72AB99421941A72000B42BE /* VRCarApp.app */;
			productType = "com.apple.product-type.application";
		};
/* End PBXNativeTarget section */

/* Begin PBXProject section */
		A72AB98C21941A72000B42BE /* Project object */ = {
			isa = PBXProject;
			attributes = {
				LastSwiftUpdateCheck = 0920;
				LastUpgradeCheck = 0920;
				ORGANIZATIONNAME = "Pallak Singh";
				TargetAttributes = {
					A72AB99321941A72000B42BE = {
						CreatedOnToolsVersion = 9.2;
						ProvisioningStyle = Automatic;
					};
				};
			};
			buildConfigurationList = A72AB98F21941A72000B42BE /* Build configuration list for PBXProject "VRCarApp" */;
			compatibilityVersion = "Xcode 8.0";
			developmentRegion = en;
			hasScannedForEncodings = 0;
			knownRegions = (
				en,
				Base,
			);
			mainGroup = A72AB98B21941A72000B42BE;
			productRefGroup = A72AB99521941A72000B42BE /* Products */;
			projectDirPath = "";
			projectRoot = "";
			targets = (
				A72AB99321941A72000B42BE /* VRCarApp */,
			);
		};
/* End PBXProject section */

/* Begin PBXResourcesBuildPhase section */
		A72AB99221941A72000B42BE /* Resources */ = {
			isa = PBXResourcesBuildPhase;
			buildActionMask = 2147483647;
			files = (
				A72AB9A521941A72000B42BE /* LaunchScreen.storyboard in Resources */,
				A72AB9A221941A72000B42BE /* Assets.xcassets in Resources */,
				A72AB99D21941A72000B42BE /* Main.storyboard in Resources */,
			);
			runOnlyForDeploymentPostprocessing = 0;
		};
/* End PBXResourcesBuildPhase section */

/* Begin PBXShellScriptBuildPhase section */
		C16CE99A1750791AE4150A00 /* [CP] Embed Pods Frameworks */ = {
			isa = PBXShellScriptBuildPhase;
			buildActionMask = 2147483647;
			files = (
			);
			inputPaths = (
				"${SRCROOT}/Pods/Target Support Files/Pods-VRCarApp/Pods-VRCarApp-frameworks.sh",
				"${BUILT_PRODUCTS_DIR}/CocoaAsyncSocket/CocoaAsyncSocket.framework",
				"${BUILT_PRODUCTS_DIR}/CocoaMQTT/CocoaMQTT.framework",
				"${BUILT_PRODUCTS_DIR}/SwiftyTimer/SwiftyTimer.framework",
			);
			name = "[CP] Embed Pods Frameworks";
			outputPaths = (
				"${TARGET_BUILD_DIR}/${FRAMEWORKS_FOLDER_PATH}/CocoaAsyncSocket.framework",
				"${TARGET_BUILD_DIR}/${FRAMEWORKS_FOLDER_PATH}/CocoaMQTT.framework",
				"${TARGET_BUILD_DIR}/${FRAMEWORKS_FOLDER_PATH}/SwiftyTimer.framework",
			);
			runOnlyForDeploymentPostprocessing = 0;
			shellPath = /bin/sh;
			shellScript = "\"${SRCROOT}/Pods/Target Support Files/Pods-VRCarApp/Pods-VRCarApp-frameworks.sh\"\n";
			showEnvVarsInLog = 0;
		};
		F48832FE0BA6B4B2D4B5B6B6 /* [CP] Check Pods Manifest.lock */ = {
			isa = PBXShellScriptBuildPhase;
			buildActionMask = 2147483647;
			files = (
			);
			inputPaths = (
				"${PODS_PODFILE_DIR_PATH}/Podfile.lock",
				"${PODS_ROOT}/Manifest.lock",
			);
			name = "[CP] Check Pods Manifest.lock";
			outputPaths = (
				"$(DERIVED_FILE_DIR)/Pods-VRCarApp-checkManifestLockResult.txt",
			);
			runOnlyForDeploymentPostprocessing = 0;
			shellPath = /bin/sh;
			shellScript = "diff \"${PODS_PODFILE_DIR_PATH}/Podfile.lock\" \"${PODS_ROOT}/Manifest.lock\" > /dev/null\nif [ $? != 0 ] ; then\n    # print error to STDERR\n    echo \"error: The sandbox is not in sync with the Podfile.lock. Run 'pod install' or update your CocoaPods installation.\" >&2\n    exit 1\nfi\n# This output is used by Xcode 'outputs' to avoid re-running this script phase.\necho \"SUCCESS\" > \"${SCRIPT_OUTPUT_FILE_0}\"\n";
			showEnvVarsInLog = 0;
		};
/* End PBXShellScriptBuildPhase section */

/* Begin PBXSourcesBuildPhase section */
		A72AB99021941A72000B42BE /* Sources */ = {
			isa = PBXSourcesBuildPhase;
			buildActionMask = 2147483647;
			files = (
				A726FC17219C197000F53573 /* PresenterProtocol.swift in Sources */,
				853A7E4921A2883F00FDB9C4 /* RemoteViewController.swift in Sources */,
				A72AB99A21941A72000B42BE /* ViewController.swift in Sources */,
				A787BBBD219FC964000801DF /* VideoViewController.swift in Sources */,
				A72AB99821941A72000B42BE /* AppDelegate.swift in Sources */,
				A787BBBF219FCA64000801DF /* WebViewController.swift in Sources */,
				A72AB9A021941A72000B42BE /* VRCarApp.xcdatamodeld in Sources */,
				A7083819219DA3670097F827 /* MQTTManager.swift in Sources */,
				A7065F5821A00153006D097F /* SettingsViewController.swift in Sources */,
			);
			runOnlyForDeploymentPostprocessing = 0;
		};
/* End PBXSourcesBuildPhase section */

/* Begin PBXVariantGroup section */
		A72AB99B21941A72000B42BE /* Main.storyboard */ = {
			isa = PBXVariantGroup;
			children = (
				A72AB99C21941A72000B42BE /* Base */,
			);
			name = Main.storyboard;
			sourceTree = "<group>";
		};
		A72AB9A321941A72000B42BE /* LaunchScreen.storyboard */ = {
			isa = PBXVariantGroup;
			children = (
				A72AB9A421941A72000B42BE /* Base */,
			);
			name = LaunchScreen.storyboard;
			sourceTree = "<group>";
		};
/* End PBXVariantGroup section */

/* Begin XCBuildConfiguration section */
		A72AB9A721941A72000B42BE /* Debug */ = {
			isa = XCBuildConfiguration;
			buildSettings = {
				ALWAYS_SEARCH_USER_PATHS = NO;
				CLANG_ANALYZER_NONNULL = YES;
				CLANG_ANALYZER_NUMBER_OBJECT_CONVERSION = YES_AGGRESSIVE;
				CLANG_CXX_LANGUAGE_STANDARD = "gnu++14";
				CLANG_CXX_LIBRARY = "libc++";
				CLANG_ENABLE_MODULES = YES;
				CLANG_ENABLE_OBJC_ARC = YES;
				CLANG_WARN_BLOCK_CAPTURE_AUTORELEASING = YES;
				CLANG_WARN_BOOL_CONVERSION = YES;
				CLANG_WARN_COMMA = YES;
				CLANG_WARN_CONSTANT_CONVERSION = YES;
				CLANG_WARN_DIRECT_OBJC_ISA_USAGE = YES_ERROR;
				CLANG_WARN_DOCUMENTATION_COMMENTS = YES;
				CLANG_WARN_EMPTY_BODY = YES;
				CLANG_WARN_ENUM_CONVERSION = YES;
				CLANG_WARN_INFINITE_RECURSION = YES;
				CLANG_WARN_INT_CONVERSION = YES;
				CLANG_WARN_NON_LITERAL_NULL_CONVERSION = YES;
				CLANG_WARN_OBJC_LITERAL_CONVERSION = YES;
				CLANG_WARN_OBJC_ROOT_CLASS = YES_ERROR;
				CLANG_WARN_RANGE_LOOP_ANALYSIS = YES;
				CLANG_WARN_STRICT_PROTOTYPES = YES;
				CLANG_WARN_SUSPICIOUS_MOVE = YES;
				CLANG_WARN_UNGUARDED_AVAILABILITY = YES_AGGRESSIVE;
				CLANG_WARN_UNREACHABLE_CODE = YES;
				CLANG_WARN__DUPLICATE_METHOD_MATCH = YES;
				CODE_SIGN_IDENTITY = "iPhone Developer";
				COPY_PHASE_STRIP = NO;
				DEBUG_INFORMATION_FORMAT = dwarf;
				ENABLE_STRICT_OBJC_MSGSEND = YES;
				ENABLE_TESTABILITY = YES;
				GCC_C_LANGUAGE_STANDARD = gnu11;
				GCC_DYNAMIC_NO_PIC = NO;
				GCC_NO_COMMON_BLOCKS = YES;
				GCC_OPTIMIZATION_LEVEL = 0;
				GCC_PREPROCESSOR_DEFINITIONS = (
					"DEBUG=1",
					"$(inherited)",
				);
				GCC_WARN_64_TO_32_BIT_CONVERSION = YES;
				GCC_WARN_ABOUT_RETURN_TYPE = YES_ERROR;
				GCC_WARN_UNDECLARED_SELECTOR = YES;
				GCC_WARN_UNINITIALIZED_AUTOS = YES_AGGRESSIVE;
				GCC_WARN_UNUSED_FUNCTION = YES;
				GCC_WARN_UNUSED_VARIABLE = YES;
				IPHONEOS_DEPLOYMENT_TARGET = 11.2;
				MTL_ENABLE_DEBUG_INFO = YES;
				ONLY_ACTIVE_ARCH = YES;
				SDKROOT = iphoneos;
				SWIFT_ACTIVE_COMPILATION_CONDITIONS = DEBUG;
				SWIFT_OPTIMIZATION_LEVEL = "-Onone";
			};
			name = Debug;
		};
		A72AB9A821941A72000B42BE /* Release */ = {
			isa = XCBuildConfiguration;
			buildSettings = {
				ALWAYS_SEARCH_USER_PATHS = NO;
				CLANG_ANALYZER_NONNULL = YES;
				CLANG_ANALYZER_NUMBER_OBJECT_CONVERSION = YES_AGGRESSIVE;
				CLANG_CXX_LANGUAGE_STANDARD = "gnu++14";
				CLANG_CXX_LIBRARY = "libc++";
				CLANG_ENABLE_MODULES = YES;
				CLANG_ENABLE_OBJC_ARC = YES;
				CLANG_WARN_BLOCK_CAPTURE_AUTORELEASING = YES;
				CLANG_WARN_BOOL_CONVERSION = YES;
				CLANG_WARN_COMMA = YES;
				CLANG_WARN_CONSTANT_CONVERSION = YES;
				CLANG_WARN_DIRECT_OBJC_ISA_USAGE = YES_ERROR;
				CLANG_WARN_DOCUMENTATION_COMMENTS = YES;
				CLANG_WARN_EMPTY_BODY = YES;
				CLANG_WARN_ENUM_CONVERSION = YES;
				CLANG_WARN_INFINITE_RECURSION = YES;
				CLANG_WARN_INT_CONVERSION = YES;
				CLANG_WARN_NON_LITERAL_NULL_CONVERSION = YES;
				CLANG_WARN_OBJC_LITERAL_CONVERSION = YES;
				CLANG_WARN_OBJC_ROOT_CLASS = YES_ERROR;
				CLANG_WARN_RANGE_LOOP_ANALYSIS = YES;
				CLANG_WARN_STRICT_PROTOTYPES = YES;
				CLANG_WARN_SUSPICIOUS_MOVE = YES;
				CLANG_WARN_UNGUARDED_AVAILABILITY = YES_AGGRESSIVE;
				CLANG_WARN_UNREACHABLE_CODE = YES;
				CLANG_WARN__DUPLICATE_METHOD_MATCH = YES;
				CODE_SIGN_IDENTITY = "iPhone Developer";
				COPY_PHASE_STRIP = NO;
				DEBUG_INFORMATION_FORMAT = "dwarf-with-dsym";
				ENABLE_NS_ASSERTIONS = NO;
				ENABLE_STRICT_OBJC_MSGSEND = YES;
				GCC_C_LANGUAGE_STANDARD = gnu11;
				GCC_NO_COMMON_BLOCKS = YES;
				GCC_WARN_64_TO_32_BIT_CONVERSION = YES;
				GCC_WARN_ABOUT_RETURN_TYPE = YES_ERROR;
				GCC_WARN_UNDECLARED_SELECTOR = YES;
				GCC_WARN_UNINITIALIZED_AUTOS = YES_AGGRESSIVE;
				GCC_WARN_UNUSED_FUNCTION = YES;
				GCC_WARN_UNUSED_VARIABLE = YES;
				IPHONEOS_DEPLOYMENT_TARGET = 11.2;
				MTL_ENABLE_DEBUG_INFO = NO;
				SDKROOT = iphoneos;
				SWIFT_OPTIMIZATION_LEVEL = "-Owholemodule";
				VALIDATE_PRODUCT = YES;
			};
			name = Release;
		};
		A72AB9AA21941A72000B42BE /* Debug */ = {
			isa = XCBuildConfiguration;
			baseConfigurationReference = 53EEB390A1866D86773165EF /* Pods-VRCarApp.debug.xcconfig */;
			buildSettings = {
				ASSETCATALOG_COMPILER_APPICON_NAME = AppIcon;
				CODE_SIGN_STYLE = Automatic;
				DEVELOPMENT_TEAM = KF7YF7SZ72;
				INFOPLIST_FILE = VRCarApp/Info.plist;
				IPHONEOS_DEPLOYMENT_TARGET = 11.2;
				LD_RUNPATH_SEARCH_PATHS = "$(inherited) @executable_path/Frameworks";
				PRODUCT_BUNDLE_IDENTIFIER = com.mnk.vrcar;
				PRODUCT_NAME = "$(TARGET_NAME)";
				SWIFT_VERSION = 4.0;
				TARGETED_DEVICE_FAMILY = "1,2";
			};
			name = Debug;
		};
		A72AB9AB21941A72000B42BE /* Release */ = {
			isa = XCBuildConfiguration;
			baseConfigurationReference = A72F2F99A45DB546ADA628AF /* Pods-VRCarApp.release.xcconfig */;
			buildSettings = {
				ASSETCATALOG_COMPILER_APPICON_NAME = AppIcon;
				CODE_SIGN_STYLE = Automatic;
				DEVELOPMENT_TEAM = KF7YF7SZ72;
				INFOPLIST_FILE = VRCarApp/Info.plist;
				IPHONEOS_DEPLOYMENT_TARGET = 11.2;
				LD_RUNPATH_SEARCH_PATHS = "$(inherited) @executable_path/Frameworks";
				PRODUCT_BUNDLE_IDENTIFIER = com.mnk.vrcar;
				PRODUCT_NAME = "$(TARGET_NAME)";
				SWIFT_VERSION = 4.0;
				TARGETED_DEVICE_FAMILY = "1,2";
			};
			name = Release;
		};
/* End XCBuildConfiguration section */

/* Begin XCConfigurationList section */
		A72AB98F21941A72000B42BE /* Build configuration list for PBXProject "VRCarApp" */ = {
			isa = XCConfigurationList;
			buildConfigurations = (
				A72AB9A721941A72000B42BE /* Debug */,
				A72AB9A821941A72000B42BE /* Release */,
			);
			defaultConfigurationIsVisible = 0;
			defaultConfigurationName = Release;
		};
		A72AB9A921941A72000B42BE /* Build configuration list for PBXNativeTarget "VRCarApp" */ = {
			isa = XCConfigurationList;
			buildConfigurations = (
				A72AB9AA21941A72000B42BE /* Debug */,
				A72AB9AB21941A72000B42BE /* Release */,
			);
			defaultConfigurationIsVisible = 0;
			defaultConfigurationName = Release;
		};
/* End XCConfigurationList section */

/* Begin XCVersionGroup section */
		A72AB99E21941A72000B42BE /* VRCarApp.xcdatamodeld */ = {
			isa = XCVersionGroup;
			children = (
				A72AB99F21941A72000B42BE /* VRCarApp.xcdatamodel */,
			);
			currentVersion = A72AB99F21941A72000B42BE /* VRCarApp.xcdatamodel */;
			path = VRCarApp.xcdatamodeld;
			sourceTree = "<group>";
			versionGroupType = wrapper.xcdatamodel;
		};
/* End XCVersionGroup section */
	};
	rootObject = A72AB98C21941A72000B42BE /* Project object */;
}
